// !$*UTF8*$!
{
	archiveVersion = 1;
	classes = {
	};
	objectVersion = 46;
	objects = {

/* Begin PBXBuildFile section */
		45F75263F24FF187A6174C87 /* Pods_Qiu_Suo.framework in Frameworks */ = {isa = PBXBuildFile; fileRef = 926B366DC573BE7DDE3C866F /* Pods_Qiu_Suo.framework */; settings = {ATTRIBUTES = (Weak, ); }; };
		DC255F371BC0BBA000CBE025 /* libxml2.2.tbd in Frameworks */ = {isa = PBXBuildFile; fileRef = DC255F361BC0BBA000CBE025 /* libxml2.2.tbd */; };
		DC665C131BC0BEE4007BE181 /* TWThemesTableViewController.swift in Sources */ = {isa = PBXBuildFile; fileRef = DC665C111BC0BEE4007BE181 /* TWThemesTableViewController.swift */; settings = {ASSET_TAGS = (); }; };
		DC665C141BC0BEE4007BE181 /* TWThemesPostsTableViewController.swift in Sources */ = {isa = PBXBuildFile; fileRef = DC665C121BC0BEE4007BE181 /* TWThemesPostsTableViewController.swift */; settings = {ASSET_TAGS = (); }; };
		DCA6C3D31BC0AF2400A0F4AC /* AppDelegate.swift in Sources */ = {isa = PBXBuildFile; fileRef = DCA6C3D21BC0AF2400A0F4AC /* AppDelegate.swift */; };
		DCA6C3D51BC0AF2400A0F4AC /* ViewController.swift in Sources */ = {isa = PBXBuildFile; fileRef = DCA6C3D41BC0AF2400A0F4AC /* ViewController.swift */; };
		DCA6C3DA1BC0AF2400A0F4AC /* Assets.xcassets in Resources */ = {isa = PBXBuildFile; fileRef = DCA6C3D91BC0AF2400A0F4AC /* Assets.xcassets */; };
		DCA6C3DD1BC0AF2400A0F4AC /* LaunchScreen.storyboard in Resources */ = {isa = PBXBuildFile; fileRef = DCA6C3DB1BC0AF2400A0F4AC /* LaunchScreen.storyboard */; };
		DCA6C3E81BC0AF2400A0F4AC /* Qiu_SuoTests.swift in Sources */ = {isa = PBXBuildFile; fileRef = DCA6C3E71BC0AF2400A0F4AC /* Qiu_SuoTests.swift */; };
		DCA6C3F31BC0AF2400A0F4AC /* Qiu_SuoUITests.swift in Sources */ = {isa = PBXBuildFile; fileRef = DCA6C3F21BC0AF2400A0F4AC /* Qiu_SuoUITests.swift */; };
		DCD140121BC0C51C0037AA9A /* PostItem.swift in Sources */ = {isa = PBXBuildFile; fileRef = DCD140101BC0C51C0037AA9A /* PostItem.swift */; settings = {ASSET_TAGS = (); }; };
		DCD140131BC0C51C0037AA9A /* TWNode.swift in Sources */ = {isa = PBXBuildFile; fileRef = DCD140111BC0C51C0037AA9A /* TWNode.swift */; settings = {ASSET_TAGS = (); }; };
		DCD1401F1BC0C5460037AA9A /* TWTableViewCell.swift in Sources */ = {isa = PBXBuildFile; fileRef = DCD140151BC0C5460037AA9A /* TWTableViewCell.swift */; settings = {ASSET_TAGS = (); }; };
		DCD140201BC0C5460037AA9A /* TWTableViewCell.xib in Resources */ = {isa = PBXBuildFile; fileRef = DCD140161BC0C5460037AA9A /* TWTableViewCell.xib */; settings = {ASSET_TAGS = (); }; };
		DCD140211BC0C5460037AA9A /* TWDetailTableViewCell.swift in Sources */ = {isa = PBXBuildFile; fileRef = DCD140171BC0C5460037AA9A /* TWDetailTableViewCell.swift */; settings = {ASSET_TAGS = (); }; };
		DCD140221BC0C5460037AA9A /* TWDetailTableViewCell.xib in Resources */ = {isa = PBXBuildFile; fileRef = DCD140181BC0C5460037AA9A /* TWDetailTableViewCell.xib */; settings = {ASSET_TAGS = (); }; };
		DCD140231BC0C5460037AA9A /* TWLZTableViewCell.swift in Sources */ = {isa = PBXBuildFile; fileRef = DCD140191BC0C5460037AA9A /* TWLZTableViewCell.swift */; settings = {ASSET_TAGS = (); }; };
		DCD140241BC0C5460037AA9A /* TWLZTableViewCell.xib in Resources */ = {isa = PBXBuildFile; fileRef = DCD1401A1BC0C5460037AA9A /* TWLZTableViewCell.xib */; settings = {ASSET_TAGS = (); }; };
		DCD140251BC0C5460037AA9A /* TWNodeCollectionViewCell.swift in Sources */ = {isa = PBXBuildFile; fileRef = DCD1401B1BC0C5460037AA9A /* TWNodeCollectionViewCell.swift */; settings = {ASSET_TAGS = (); }; };
		DCD140261BC0C5460037AA9A /* TWNodeCollectionViewCell.xib in Resources */ = {isa = PBXBuildFile; fileRef = DCD1401C1BC0C5460037AA9A /* TWNodeCollectionViewCell.xib */; settings = {ASSET_TAGS = (); }; };
		DCD140271BC0C5460037AA9A /* TWHeaderCollectionReusableView.swift in Sources */ = {isa = PBXBuildFile; fileRef = DCD1401D1BC0C5460037AA9A /* TWHeaderCollectionReusableView.swift */; settings = {ASSET_TAGS = (); }; };
		DCD140281BC0C5460037AA9A /* TWHeaderCollectionReusableView.xib in Resources */ = {isa = PBXBuildFile; fileRef = DCD1401E1BC0C5460037AA9A /* TWHeaderCollectionReusableView.xib */; settings = {ASSET_TAGS = (); }; };
		DCD1402C1BC0C5C20037AA9A /* ComprehensiveTableViewController.swift in Sources */ = {isa = PBXBuildFile; fileRef = DCD140291BC0C5C20037AA9A /* ComprehensiveTableViewController.swift */; settings = {ASSET_TAGS = (); }; };
		DCD1402D1BC0C5C20037AA9A /* TWDetailTableViewController.swift in Sources */ = {isa = PBXBuildFile; fileRef = DCD1402A1BC0C5C20037AA9A /* TWDetailTableViewController.swift */; settings = {ASSET_TAGS = (); }; };
		DCD1402E1BC0C5C20037AA9A /* ExploreThemes.plist in Resources */ = {isa = PBXBuildFile; fileRef = DCD1402B1BC0C5C20037AA9A /* ExploreThemes.plist */; settings = {ASSET_TAGS = (); }; };
		DCD140381BC0D1C30037AA9A /* TFHpple.m in Sources */ = {isa = PBXBuildFile; fileRef = DCD140331BC0D1C30037AA9A /* TFHpple.m */; settings = {ASSET_TAGS = (); }; };
		DCD140391BC0D1C30037AA9A /* TFHppleElement.m in Sources */ = {isa = PBXBuildFile; fileRef = DCD140351BC0D1C30037AA9A /* TFHppleElement.m */; settings = {ASSET_TAGS = (); }; };
		DCD1403A1BC0D1C30037AA9A /* XPathQuery.m in Sources */ = {isa = PBXBuildFile; fileRef = DCD140371BC0D1C30037AA9A /* XPathQuery.m */; settings = {ASSET_TAGS = (); }; };
		DCD1403F1BC160D20037AA9A /* TWExploreCollectionViewController.swift in Sources */ = {isa = PBXBuildFile; fileRef = DCD1403C1BC160D20037AA9A /* TWExploreCollectionViewController.swift */; settings = {ASSET_TAGS = (); }; };
		DCD140401BC160D20037AA9A /* TWExplorePostsTableViewController.swift in Sources */ = {isa = PBXBuildFile; fileRef = DCD1403D1BC160D20037AA9A /* TWExplorePostsTableViewController.swift */; settings = {ASSET_TAGS = (); }; };
		DCD140411BC160D20037AA9A /* TWNodeSearchTableViewController.swift in Sources */ = {isa = PBXBuildFile; fileRef = DCD1403E1BC160D20037AA9A /* TWNodeSearchTableViewController.swift */; settings = {ASSET_TAGS = (); }; };
		DCD140461BC160E80037AA9A /* TWSettingsTableViewController.swift in Sources */ = {isa = PBXBuildFile; fileRef = DCD140431BC160E80037AA9A /* TWSettingsTableViewController.swift */; settings = {ASSET_TAGS = (); }; };
		DCD140471BC160E80037AA9A /* TWLicenseListTableViewController.swift in Sources */ = {isa = PBXBuildFile; fileRef = DCD140441BC160E80037AA9A /* TWLicenseListTableViewController.swift */; settings = {ASSET_TAGS = (); }; };
		DCD140481BC160E80037AA9A /* TWLicenseDetailViewController.swift in Sources */ = {isa = PBXBuildFile; fileRef = DCD140451BC160E80037AA9A /* TWLicenseDetailViewController.swift */; settings = {ASSET_TAGS = (); }; };
		DCD1404A1BC161130037AA9A /* Main.storyboard in Resources */ = {isa = PBXBuildFile; fileRef = DCD140491BC161130037AA9A /* Main.storyboard */; settings = {ASSET_TAGS = (); }; };
/* End PBXBuildFile section */

/* Begin PBXContainerItemProxy section */
		DCA6C3E41BC0AF2400A0F4AC /* PBXContainerItemProxy */ = {
			isa = PBXContainerItemProxy;
			containerPortal = DCA6C3C71BC0AF2400A0F4AC /* Project object */;
			proxyType = 1;
			remoteGlobalIDString = DCA6C3CE1BC0AF2400A0F4AC;
			remoteInfo = "Qiu Suo";
		};
		DCA6C3EF1BC0AF2400A0F4AC /* PBXContainerItemProxy */ = {
			isa = PBXContainerItemProxy;
			containerPortal = DCA6C3C71BC0AF2400A0F4AC /* Project object */;
			proxyType = 1;
			remoteGlobalIDString = DCA6C3CE1BC0AF2400A0F4AC;
			remoteInfo = "Qiu Suo";
		};
/* End PBXContainerItemProxy section */

/* Begin PBXFileReference section */
		071D3BCDB92C17AA5C10BC0B /* Pods-Qiu Suo.debug.xcconfig */ = {isa = PBXFileReference; includeInIndex = 1; lastKnownFileType = text.xcconfig; name = "Pods-Qiu Suo.debug.xcconfig"; path = "Pods/Target Support Files/Pods-Qiu Suo/Pods-Qiu Suo.debug.xcconfig"; sourceTree = "<group>"; };
		222BE3FC97103F31309B6A69 /* Pods-Qiu Suo.release.xcconfig */ = {isa = PBXFileReference; includeInIndex = 1; lastKnownFileType = text.xcconfig; name = "Pods-Qiu Suo.release.xcconfig"; path = "Pods/Target Support Files/Pods-Qiu Suo/Pods-Qiu Suo.release.xcconfig"; sourceTree = "<group>"; };
		926B366DC573BE7DDE3C866F /* Pods_Qiu_Suo.framework */ = {isa = PBXFileReference; explicitFileType = wrapper.framework; includeInIndex = 0; path = Pods_Qiu_Suo.framework; sourceTree = BUILT_PRODUCTS_DIR; };
		DC255F361BC0BBA000CBE025 /* libxml2.2.tbd */ = {isa = PBXFileReference; lastKnownFileType = "sourcecode.text-based-dylib-definition"; name = libxml2.2.tbd; path = usr/lib/libxml2.2.tbd; sourceTree = SDKROOT; };
		DC665C111BC0BEE4007BE181 /* TWThemesTableViewController.swift */ = {isa = PBXFileReference; fileEncoding = 4; lastKnownFileType = sourcecode.swift; path = TWThemesTableViewController.swift; sourceTree = "<group>"; };
		DC665C121BC0BEE4007BE181 /* TWThemesPostsTableViewController.swift */ = {isa = PBXFileReference; fileEncoding = 4; lastKnownFileType = sourcecode.swift; path = TWThemesPostsTableViewController.swift; sourceTree = "<group>"; };
		DCA6C3CF1BC0AF2400A0F4AC /* Qiu Suo.app */ = {isa = PBXFileReference; explicitFileType = wrapper.application; includeInIndex = 0; path = "Qiu Suo.app"; sourceTree = BUILT_PRODUCTS_DIR; };
		DCA6C3D21BC0AF2400A0F4AC /* AppDelegate.swift */ = {isa = PBXFileReference; lastKnownFileType = sourcecode.swift; path = AppDelegate.swift; sourceTree = "<group>"; };
		DCA6C3D41BC0AF2400A0F4AC /* ViewController.swift */ = {isa = PBXFileReference; lastKnownFileType = sourcecode.swift; path = ViewController.swift; sourceTree = "<group>"; };
		DCA6C3D91BC0AF2400A0F4AC /* Assets.xcassets */ = {isa = PBXFileReference; lastKnownFileType = folder.assetcatalog; path = Assets.xcassets; sourceTree = "<group>"; };
		DCA6C3DC1BC0AF2400A0F4AC /* Base */ = {isa = PBXFileReference; lastKnownFileType = file.storyboard; name = Base; path = Base.lproj/LaunchScreen.storyboard; sourceTree = "<group>"; };
		DCA6C3DE1BC0AF2400A0F4AC /* Info.plist */ = {isa = PBXFileReference; lastKnownFileType = text.plist.xml; path = Info.plist; sourceTree = "<group>"; };
		DCA6C3E31BC0AF2400A0F4AC /* Qiu SuoTests.xctest */ = {isa = PBXFileReference; explicitFileType = wrapper.cfbundle; includeInIndex = 0; path = "Qiu SuoTests.xctest"; sourceTree = BUILT_PRODUCTS_DIR; };
		DCA6C3E71BC0AF2400A0F4AC /* Qiu_SuoTests.swift */ = {isa = PBXFileReference; lastKnownFileType = sourcecode.swift; path = Qiu_SuoTests.swift; sourceTree = "<group>"; };
		DCA6C3E91BC0AF2400A0F4AC /* Info.plist */ = {isa = PBXFileReference; lastKnownFileType = text.plist.xml; path = Info.plist; sourceTree = "<group>"; };
		DCA6C3EE1BC0AF2400A0F4AC /* Qiu SuoUITests.xctest */ = {isa = PBXFileReference; explicitFileType = wrapper.cfbundle; includeInIndex = 0; path = "Qiu SuoUITests.xctest"; sourceTree = BUILT_PRODUCTS_DIR; };
		DCA6C3F21BC0AF2400A0F4AC /* Qiu_SuoUITests.swift */ = {isa = PBXFileReference; lastKnownFileType = sourcecode.swift; path = Qiu_SuoUITests.swift; sourceTree = "<group>"; };
		DCA6C3F41BC0AF2400A0F4AC /* Info.plist */ = {isa = PBXFileReference; lastKnownFileType = text.plist.xml; path = Info.plist; sourceTree = "<group>"; };
		DCD140101BC0C51C0037AA9A /* PostItem.swift */ = {isa = PBXFileReference; fileEncoding = 4; lastKnownFileType = sourcecode.swift; path = PostItem.swift; sourceTree = "<group>"; };
		DCD140111BC0C51C0037AA9A /* TWNode.swift */ = {isa = PBXFileReference; fileEncoding = 4; lastKnownFileType = sourcecode.swift; path = TWNode.swift; sourceTree = "<group>"; };
		DCD140151BC0C5460037AA9A /* TWTableViewCell.swift */ = {isa = PBXFileReference; fileEncoding = 4; lastKnownFileType = sourcecode.swift; path = TWTableViewCell.swift; sourceTree = "<group>"; };
		DCD140161BC0C5460037AA9A /* TWTableViewCell.xib */ = {isa = PBXFileReference; fileEncoding = 4; lastKnownFileType = file.xib; path = TWTableViewCell.xib; sourceTree = "<group>"; };
		DCD140171BC0C5460037AA9A /* TWDetailTableViewCell.swift */ = {isa = PBXFileReference; fileEncoding = 4; lastKnownFileType = sourcecode.swift; path = TWDetailTableViewCell.swift; sourceTree = "<group>"; };
		DCD140181BC0C5460037AA9A /* TWDetailTableViewCell.xib */ = {isa = PBXFileReference; fileEncoding = 4; lastKnownFileType = file.xib; path = TWDetailTableViewCell.xib; sourceTree = "<group>"; };
		DCD140191BC0C5460037AA9A /* TWLZTableViewCell.swift */ = {isa = PBXFileReference; fileEncoding = 4; lastKnownFileType = sourcecode.swift; path = TWLZTableViewCell.swift; sourceTree = "<group>"; };
		DCD1401A1BC0C5460037AA9A /* TWLZTableViewCell.xib */ = {isa = PBXFileReference; fileEncoding = 4; lastKnownFileType = file.xib; path = TWLZTableViewCell.xib; sourceTree = "<group>"; };
		DCD1401B1BC0C5460037AA9A /* TWNodeCollectionViewCell.swift */ = {isa = PBXFileReference; fileEncoding = 4; lastKnownFileType = sourcecode.swift; path = TWNodeCollectionViewCell.swift; sourceTree = "<group>"; };
		DCD1401C1BC0C5460037AA9A /* TWNodeCollectionViewCell.xib */ = {isa = PBXFileReference; fileEncoding = 4; lastKnownFileType = file.xib; path = TWNodeCollectionViewCell.xib; sourceTree = "<group>"; };
		DCD1401D1BC0C5460037AA9A /* TWHeaderCollectionReusableView.swift */ = {isa = PBXFileReference; fileEncoding = 4; lastKnownFileType = sourcecode.swift; path = TWHeaderCollectionReusableView.swift; sourceTree = "<group>"; };
		DCD1401E1BC0C5460037AA9A /* TWHeaderCollectionReusableView.xib */ = {isa = PBXFileReference; fileEncoding = 4; lastKnownFileType = file.xib; path = TWHeaderCollectionReusableView.xib; sourceTree = "<group>"; };
		DCD140291BC0C5C20037AA9A /* ComprehensiveTableViewController.swift */ = {isa = PBXFileReference; fileEncoding = 4; lastKnownFileType = sourcecode.swift; path = ComprehensiveTableViewController.swift; sourceTree = "<group>"; };
		DCD1402A1BC0C5C20037AA9A /* TWDetailTableViewController.swift */ = {isa = PBXFileReference; fileEncoding = 4; lastKnownFileType = sourcecode.swift; path = TWDetailTableViewController.swift; sourceTree = "<group>"; };
		DCD1402B1BC0C5C20037AA9A /* ExploreThemes.plist */ = {isa = PBXFileReference; fileEncoding = 4; lastKnownFileType = text.plist.xml; path = ExploreThemes.plist; sourceTree = "<group>"; };
		DCD140311BC0D1C20037AA9A /* Qiu Suo-Bridging-Header.h */ = {isa = PBXFileReference; lastKnownFileType = sourcecode.c.h; path = "Qiu Suo-Bridging-Header.h"; sourceTree = "<group>"; };
		DCD140321BC0D1C30037AA9A /* TFHpple.h */ = {isa = PBXFileReference; fileEncoding = 4; lastKnownFileType = sourcecode.c.h; path = TFHpple.h; sourceTree = "<group>"; };
		DCD140331BC0D1C30037AA9A /* TFHpple.m */ = {isa = PBXFileReference; fileEncoding = 4; lastKnownFileType = sourcecode.c.objc; path = TFHpple.m; sourceTree = "<group>"; };
		DCD140341BC0D1C30037AA9A /* TFHppleElement.h */ = {isa = PBXFileReference; fileEncoding = 4; lastKnownFileType = sourcecode.c.h; path = TFHppleElement.h; sourceTree = "<group>"; };
		DCD140351BC0D1C30037AA9A /* TFHppleElement.m */ = {isa = PBXFileReference; fileEncoding = 4; lastKnownFileType = sourcecode.c.objc; path = TFHppleElement.m; sourceTree = "<group>"; };
		DCD140361BC0D1C30037AA9A /* XPathQuery.h */ = {isa = PBXFileReference; fileEncoding = 4; lastKnownFileType = sourcecode.c.h; path = XPathQuery.h; sourceTree = "<group>"; };
		DCD140371BC0D1C30037AA9A /* XPathQuery.m */ = {isa = PBXFileReference; fileEncoding = 4; lastKnownFileType = sourcecode.c.objc; path = XPathQuery.m; sourceTree = "<group>"; };
		DCD1403C1BC160D20037AA9A /* TWExploreCollectionViewController.swift */ = {isa = PBXFileReference; fileEncoding = 4; lastKnownFileType = sourcecode.swift; path = TWExploreCollectionViewController.swift; sourceTree = "<group>"; };
		DCD1403D1BC160D20037AA9A /* TWExplorePostsTableViewController.swift */ = {isa = PBXFileReference; fileEncoding = 4; lastKnownFileType = sourcecode.swift; path = TWExplorePostsTableViewController.swift; sourceTree = "<group>"; };
		DCD1403E1BC160D20037AA9A /* TWNodeSearchTableViewController.swift */ = {isa = PBXFileReference; fileEncoding = 4; lastKnownFileType = sourcecode.swift; path = TWNodeSearchTableViewController.swift; sourceTree = "<group>"; };
		DCD140431BC160E80037AA9A /* TWSettingsTableViewController.swift */ = {isa = PBXFileReference; fileEncoding = 4; lastKnownFileType = sourcecode.swift; path = TWSettingsTableViewController.swift; sourceTree = "<group>"; };
		DCD140441BC160E80037AA9A /* TWLicenseListTableViewController.swift */ = {isa = PBXFileReference; fileEncoding = 4; lastKnownFileType = sourcecode.swift; path = TWLicenseListTableViewController.swift; sourceTree = "<group>"; };
		DCD140451BC160E80037AA9A /* TWLicenseDetailViewController.swift */ = {isa = PBXFileReference; fileEncoding = 4; lastKnownFileType = sourcecode.swift; path = TWLicenseDetailViewController.swift; sourceTree = "<group>"; };
		DCD140491BC161130037AA9A /* Main.storyboard */ = {isa = PBXFileReference; fileEncoding = 4; lastKnownFileType = file.storyboard; path = Main.storyboard; sourceTree = "<group>"; };
/* End PBXFileReference section */

/* Begin PBXFrameworksBuildPhase section */
		DCA6C3CC1BC0AF2400A0F4AC /* Frameworks */ = {
			isa = PBXFrameworksBuildPhase;
			buildActionMask = 2147483647;
			files = (
				DC255F371BC0BBA000CBE025 /* libxml2.2.tbd in Frameworks */,
				45F75263F24FF187A6174C87 /* Pods_Qiu_Suo.framework in Frameworks */,
			);
			runOnlyForDeploymentPostprocessing = 0;
		};
		DCA6C3E01BC0AF2400A0F4AC /* Frameworks */ = {
			isa = PBXFrameworksBuildPhase;
			buildActionMask = 2147483647;
			files = (
			);
			runOnlyForDeploymentPostprocessing = 0;
		};
		DCA6C3EB1BC0AF2400A0F4AC /* Frameworks */ = {
			isa = PBXFrameworksBuildPhase;
			buildActionMask = 2147483647;
			files = (
			);
			runOnlyForDeploymentPostprocessing = 0;
		};
/* End PBXFrameworksBuildPhase section */

/* Begin PBXGroup section */
		2C76950D13A4EE62376104CE /* Frameworks */ = {
			isa = PBXGroup;
			children = (
				DC255F361BC0BBA000CBE025 /* libxml2.2.tbd */,
				926B366DC573BE7DDE3C866F /* Pods_Qiu_Suo.framework */,
			);
			name = Frameworks;
			sourceTree = "<group>";
		};
		A3D740AB72A4DC00F05112FD /* Pods */ = {
			isa = PBXGroup;
			children = (
				071D3BCDB92C17AA5C10BC0B /* Pods-Qiu Suo.debug.xcconfig */,
				222BE3FC97103F31309B6A69 /* Pods-Qiu Suo.release.xcconfig */,
			);
			name = Pods;
			sourceTree = "<group>";
		};
		DC255F2B1BC0BA7500CBE025 /* Hpple */ = {
			isa = PBXGroup;
			children = (
				DCD140321BC0D1C30037AA9A /* TFHpple.h */,
				DCD140331BC0D1C30037AA9A /* TFHpple.m */,
				DCD140341BC0D1C30037AA9A /* TFHppleElement.h */,
				DCD140351BC0D1C30037AA9A /* TFHppleElement.m */,
				DCD140361BC0D1C30037AA9A /* XPathQuery.h */,
				DCD140371BC0D1C30037AA9A /* XPathQuery.m */,
				DCD140311BC0D1C20037AA9A /* Qiu Suo-Bridging-Header.h */,
			);
			name = Hpple;
			sourceTree = "<group>";
		};
		DC665C101BC0BED2007BE181 /* Themes */ = {
			isa = PBXGroup;
			children = (
				DC665C111BC0BEE4007BE181 /* TWThemesTableViewController.swift */,
				DC665C121BC0BEE4007BE181 /* TWThemesPostsTableViewController.swift */,
			);
			name = Themes;
			sourceTree = "<group>";
		};
		DCA6C3C61BC0AF2400A0F4AC = {
			isa = PBXGroup;
			children = (
				DC255F2B1BC0BA7500CBE025 /* Hpple */,
				DCA6C3D11BC0AF2400A0F4AC /* Qiu Suo */,
				DCA6C3E61BC0AF2400A0F4AC /* Qiu SuoTests */,
				DCA6C3F11BC0AF2400A0F4AC /* Qiu SuoUITests */,
				DCA6C3D01BC0AF2400A0F4AC /* Products */,
				A3D740AB72A4DC00F05112FD /* Pods */,
				2C76950D13A4EE62376104CE /* Frameworks */,
			);
			sourceTree = "<group>";
		};
		DCA6C3D01BC0AF2400A0F4AC /* Products */ = {
			isa = PBXGroup;
			children = (
				DCA6C3CF1BC0AF2400A0F4AC /* Qiu Suo.app */,
				DCA6C3E31BC0AF2400A0F4AC /* Qiu SuoTests.xctest */,
				DCA6C3EE1BC0AF2400A0F4AC /* Qiu SuoUITests.xctest */,
			);
			name = Products;
			sourceTree = "<group>";
		};
		DCA6C3D11BC0AF2400A0F4AC /* Qiu Suo */ = {
			isa = PBXGroup;
			children = (
				DCD140421BC160DE0037AA9A /* About */,
				DCD1403B1BC160C00037AA9A /* Explore */,
				DCD140291BC0C5C20037AA9A /* ComprehensiveTableViewController.swift */,
				DCD1402A1BC0C5C20037AA9A /* TWDetailTableViewController.swift */,
				DCD1402B1BC0C5C20037AA9A /* ExploreThemes.plist */,
				DCD140141BC0C5360037AA9A /* Cell */,
				DCD1400F1BC0C50F0037AA9A /* Model */,
				DC665C101BC0BED2007BE181 /* Themes */,
				DCA6C3D21BC0AF2400A0F4AC /* AppDelegate.swift */,
				DCA6C3D41BC0AF2400A0F4AC /* ViewController.swift */,
				DCA6C3D91BC0AF2400A0F4AC /* Assets.xcassets */,
				DCA6C3DB1BC0AF2400A0F4AC /* LaunchScreen.storyboard */,
				DCA6C3DE1BC0AF2400A0F4AC /* Info.plist */,
				DCD140491BC161130037AA9A /* Main.storyboard */,
			);
			path = "Qiu Suo";
			sourceTree = "<group>";
		};
		DCA6C3E61BC0AF2400A0F4AC /* Qiu SuoTests */ = {
			isa = PBXGroup;
			children = (
				DCA6C3E71BC0AF2400A0F4AC /* Qiu_SuoTests.swift */,
				DCA6C3E91BC0AF2400A0F4AC /* Info.plist */,
			);
			path = "Qiu SuoTests";
			sourceTree = "<group>";
		};
		DCA6C3F11BC0AF2400A0F4AC /* Qiu SuoUITests */ = {
			isa = PBXGroup;
			children = (
				DCA6C3F21BC0AF2400A0F4AC /* Qiu_SuoUITests.swift */,
				DCA6C3F41BC0AF2400A0F4AC /* Info.plist */,
			);
			path = "Qiu SuoUITests";
			sourceTree = "<group>";
		};
		DCD1400F1BC0C50F0037AA9A /* Model */ = {
			isa = PBXGroup;
			children = (
				DCD140101BC0C51C0037AA9A /* PostItem.swift */,
				DCD140111BC0C51C0037AA9A /* TWNode.swift */,
			);
			name = Model;
			sourceTree = "<group>";
		};
		DCD140141BC0C5360037AA9A /* Cell */ = {
			isa = PBXGroup;
			children = (
				DCD140151BC0C5460037AA9A /* TWTableViewCell.swift */,
				DCD140161BC0C5460037AA9A /* TWTableViewCell.xib */,
				DCD140171BC0C5460037AA9A /* TWDetailTableViewCell.swift */,
				DCD140181BC0C5460037AA9A /* TWDetailTableViewCell.xib */,
				DCD140191BC0C5460037AA9A /* TWLZTableViewCell.swift */,
				DCD1401A1BC0C5460037AA9A /* TWLZTableViewCell.xib */,
				DCD1401B1BC0C5460037AA9A /* TWNodeCollectionViewCell.swift */,
				DCD1401C1BC0C5460037AA9A /* TWNodeCollectionViewCell.xib */,
				DCD1401D1BC0C5460037AA9A /* TWHeaderCollectionReusableView.swift */,
				DCD1401E1BC0C5460037AA9A /* TWHeaderCollectionReusableView.xib */,
			);
			name = Cell;
			sourceTree = "<group>";
		};
		DCD1403B1BC160C00037AA9A /* Explore */ = {
			isa = PBXGroup;
			children = (
				DCD1403C1BC160D20037AA9A /* TWExploreCollectionViewController.swift */,
				DCD1403D1BC160D20037AA9A /* TWExplorePostsTableViewController.swift */,
				DCD1403E1BC160D20037AA9A /* TWNodeSearchTableViewController.swift */,
			);
			name = Explore;
			sourceTree = "<group>";
		};
		DCD140421BC160DE0037AA9A /* About */ = {
			isa = PBXGroup;
			children = (
				DCD140431BC160E80037AA9A /* TWSettingsTableViewController.swift */,
				DCD140441BC160E80037AA9A /* TWLicenseListTableViewController.swift */,
				DCD140451BC160E80037AA9A /* TWLicenseDetailViewController.swift */,
			);
			name = About;
			sourceTree = "<group>";
		};
/* End PBXGroup section */

/* Begin PBXNativeTarget section */
		DCA6C3CE1BC0AF2400A0F4AC /* Qiu Suo */ = {
			isa = PBXNativeTarget;
			buildConfigurationList = DCA6C3F71BC0AF2400A0F4AC /* Build configuration list for PBXNativeTarget "Qiu Suo" */;
			buildPhases = (
				3558CDBB91A236BD31635F99 /* Check Pods Manifest.lock */,
				DCA6C3CB1BC0AF2400A0F4AC /* Sources */,
				DCA6C3CC1BC0AF2400A0F4AC /* Frameworks */,
				DCA6C3CD1BC0AF2400A0F4AC /* Resources */,
				C1D568FE62BD03481B568BD2 /* Embed Pods Frameworks */,
				87925CA6E17C726A86A2348C /* Copy Pods Resources */,
			);
			buildRules = (
			);
			dependencies = (
			);
			name = "Qiu Suo";
			productName = "Qiu Suo";
			productReference = DCA6C3CF1BC0AF2400A0F4AC /* Qiu Suo.app */;
			productType = "com.apple.product-type.application";
		};
		DCA6C3E21BC0AF2400A0F4AC /* Qiu SuoTests */ = {
			isa = PBXNativeTarget;
			buildConfigurationList = DCA6C3FA1BC0AF2400A0F4AC /* Build configuration list for PBXNativeTarget "Qiu SuoTests" */;
			buildPhases = (
				DCA6C3DF1BC0AF2400A0F4AC /* Sources */,
				DCA6C3E01BC0AF2400A0F4AC /* Frameworks */,
				DCA6C3E11BC0AF2400A0F4AC /* Resources */,
			);
			buildRules = (
			);
			dependencies = (
				DCA6C3E51BC0AF2400A0F4AC /* PBXTargetDependency */,
			);
			name = "Qiu SuoTests";
			productName = "Qiu SuoTests";
			productReference = DCA6C3E31BC0AF2400A0F4AC /* Qiu SuoTests.xctest */;
			productType = "com.apple.product-type.bundle.unit-test";
		};
		DCA6C3ED1BC0AF2400A0F4AC /* Qiu SuoUITests */ = {
			isa = PBXNativeTarget;
			buildConfigurationList = DCA6C3FD1BC0AF2400A0F4AC /* Build configuration list for PBXNativeTarget "Qiu SuoUITests" */;
			buildPhases = (
				DCA6C3EA1BC0AF2400A0F4AC /* Sources */,
				DCA6C3EB1BC0AF2400A0F4AC /* Frameworks */,
				DCA6C3EC1BC0AF2400A0F4AC /* Resources */,
			);
			buildRules = (
			);
			dependencies = (
				DCA6C3F01BC0AF2400A0F4AC /* PBXTargetDependency */,
			);
			name = "Qiu SuoUITests";
			productName = "Qiu SuoUITests";
			productReference = DCA6C3EE1BC0AF2400A0F4AC /* Qiu SuoUITests.xctest */;
			productType = "com.apple.product-type.bundle.ui-testing";
		};
/* End PBXNativeTarget section */

/* Begin PBXProject section */
		DCA6C3C71BC0AF2400A0F4AC /* Project object */ = {
			isa = PBXProject;
			attributes = {
				LastSwiftUpdateCheck = 0700;
				LastUpgradeCheck = 0700;
				ORGANIZATIONNAME = robbie;
				TargetAttributes = {
					DCA6C3CE1BC0AF2400A0F4AC = {
						CreatedOnToolsVersion = 7.0.1;
					};
					DCA6C3E21BC0AF2400A0F4AC = {
						CreatedOnToolsVersion = 7.0.1;
						TestTargetID = DCA6C3CE1BC0AF2400A0F4AC;
					};
					DCA6C3ED1BC0AF2400A0F4AC = {
						CreatedOnToolsVersion = 7.0.1;
						TestTargetID = DCA6C3CE1BC0AF2400A0F4AC;
					};
				};
			};
			buildConfigurationList = DCA6C3CA1BC0AF2400A0F4AC /* Build configuration list for PBXProject "Qiu Suo" */;
			compatibilityVersion = "Xcode 3.2";
			developmentRegion = English;
			hasScannedForEncodings = 0;
			knownRegions = (
				en,
				Base,
			);
			mainGroup = DCA6C3C61BC0AF2400A0F4AC;
			productRefGroup = DCA6C3D01BC0AF2400A0F4AC /* Products */;
			projectDirPath = "";
			projectRoot = "";
			targets = (
				DCA6C3CE1BC0AF2400A0F4AC /* Qiu Suo */,
				DCA6C3E21BC0AF2400A0F4AC /* Qiu SuoTests */,
				DCA6C3ED1BC0AF2400A0F4AC /* Qiu SuoUITests */,
			);
		};
/* End PBXProject section */

/* Begin PBXResourcesBuildPhase section */
		DCA6C3CD1BC0AF2400A0F4AC /* Resources */ = {
			isa = PBXResourcesBuildPhase;
			buildActionMask = 2147483647;
			files = (
				DCA6C3DD1BC0AF2400A0F4AC /* LaunchScreen.storyboard in Resources */,
				DCA6C3DA1BC0AF2400A0F4AC /* Assets.xcassets in Resources */,
				DCD140241BC0C5460037AA9A /* TWLZTableViewCell.xib in Resources */,
				DCD1402E1BC0C5C20037AA9A /* ExploreThemes.plist in Resources */,
				DCD140221BC0C5460037AA9A /* TWDetailTableViewCell.xib in Resources */,
				DCD140261BC0C5460037AA9A /* TWNodeCollectionViewCell.xib in Resources */,
				DCD1404A1BC161130037AA9A /* Main.storyboard in Resources */,
				DCD140281BC0C5460037AA9A /* TWHeaderCollectionReusableView.xib in Resources */,
				DCD140201BC0C5460037AA9A /* TWTableViewCell.xib in Resources */,
			);
			runOnlyForDeploymentPostprocessing = 0;
		};
		DCA6C3E11BC0AF2400A0F4AC /* Resources */ = {
			isa = PBXResourcesBuildPhase;
			buildActionMask = 2147483647;
			files = (
			);
			runOnlyForDeploymentPostprocessing = 0;
		};
		DCA6C3EC1BC0AF2400A0F4AC /* Resources */ = {
			isa = PBXResourcesBuildPhase;
			buildActionMask = 2147483647;
			files = (
			);
			runOnlyForDeploymentPostprocessing = 0;
		};
/* End PBXResourcesBuildPhase section */

/* Begin PBXShellScriptBuildPhase section */
		3558CDBB91A236BD31635F99 /* Check Pods Manifest.lock */ = {
			isa = PBXShellScriptBuildPhase;
			buildActionMask = 2147483647;
			files = (
			);
			inputPaths = (
			);
			name = "Check Pods Manifest.lock";
			outputPaths = (
			);
			runOnlyForDeploymentPostprocessing = 0;
			shellPath = /bin/sh;
			shellScript = "diff \"${PODS_ROOT}/../Podfile.lock\" \"${PODS_ROOT}/Manifest.lock\" > /dev/null\nif [[ $? != 0 ]] ; then\n    cat << EOM\nerror: The sandbox is not in sync with the Podfile.lock. Run 'pod install' or update your CocoaPods installation.\nEOM\n    exit 1\nfi\n";
			showEnvVarsInLog = 0;
		};
		87925CA6E17C726A86A2348C /* Copy Pods Resources */ = {
			isa = PBXShellScriptBuildPhase;
			buildActionMask = 2147483647;
			files = (
			);
			inputPaths = (
			);
			name = "Copy Pods Resources";
			outputPaths = (
			);
			runOnlyForDeploymentPostprocessing = 0;
			shellPath = /bin/sh;
			shellScript = "\"${SRCROOT}/Pods/Target Support Files/Pods-Qiu Suo/Pods-Qiu Suo-resources.sh\"\n";
			showEnvVarsInLog = 0;
		};
		C1D568FE62BD03481B568BD2 /* Embed Pods Frameworks */ = {
			isa = PBXShellScriptBuildPhase;
			buildActionMask = 2147483647;
			files = (
			);
			inputPaths = (
			);
			name = "Embed Pods Frameworks";
			outputPaths = (
			);
			runOnlyForDeploymentPostprocessing = 0;
			shellPath = /bin/sh;
			shellScript = "\"${SRCROOT}/Pods/Target Support Files/Pods-Qiu Suo/Pods-Qiu Suo-frameworks.sh\"\n";
			showEnvVarsInLog = 0;
		};
/* End PBXShellScriptBuildPhase section */

/* Begin PBXSourcesBuildPhase section */
		DCA6C3CB1BC0AF2400A0F4AC /* Sources */ = {
			isa = PBXSourcesBuildPhase;
			buildActionMask = 2147483647;
			files = (
				DC665C131BC0BEE4007BE181 /* TWThemesTableViewController.swift in Sources */,
				DCD140131BC0C51C0037AA9A /* TWNode.swift in Sources */,
				DCD140411BC160D20037AA9A /* TWNodeSearchTableViewController.swift in Sources */,
				DCD1403A1BC0D1C30037AA9A /* XPathQuery.m in Sources */,
				DCD140231BC0C5460037AA9A /* TWLZTableViewCell.swift in Sources */,
				DCD140381BC0D1C30037AA9A /* TFHpple.m in Sources */,
				DCD1402D1BC0C5C20037AA9A /* TWDetailTableViewController.swift in Sources */,
				DCD140271BC0C5460037AA9A /* TWHeaderCollectionReusableView.swift in Sources */,
				DCD140481BC160E80037AA9A /* TWLicenseDetailViewController.swift in Sources */,
				DCA6C3D51BC0AF2400A0F4AC /* ViewController.swift in Sources */,
				DCD1401F1BC0C5460037AA9A /* TWTableViewCell.swift in Sources */,
				DCD1402C1BC0C5C20037AA9A /* ComprehensiveTableViewController.swift in Sources */,
				DCD140401BC160D20037AA9A /* TWExplorePostsTableViewController.swift in Sources */,
				DCD140391BC0D1C30037AA9A /* TFHppleElement.m in Sources */,
				DCD140211BC0C5460037AA9A /* TWDetailTableViewCell.swift in Sources */,
				DCA6C3D31BC0AF2400A0F4AC /* AppDelegate.swift in Sources */,
				DCD140121BC0C51C0037AA9A /* PostItem.swift in Sources */,
				DCD1403F1BC160D20037AA9A /* TWExploreCollectionViewController.swift in Sources */,
				DCD140461BC160E80037AA9A /* TWSettingsTableViewController.swift in Sources */,
				DCD140471BC160E80037AA9A /* TWLicenseListTableViewController.swift in Sources */,
				DCD140251BC0C5460037AA9A /* TWNodeCollectionViewCell.swift in Sources */,
				DC665C141BC0BEE4007BE181 /* TWThemesPostsTableViewController.swift in Sources */,
			);
			runOnlyForDeploymentPostprocessing = 0;
		};
		DCA6C3DF1BC0AF2400A0F4AC /* Sources */ = {
			isa = PBXSourcesBuildPhase;
			buildActionMask = 2147483647;
			files = (
				DCA6C3E81BC0AF2400A0F4AC /* Qiu_SuoTests.swift in Sources */,
			);
			runOnlyForDeploymentPostprocessing = 0;
		};
		DCA6C3EA1BC0AF2400A0F4AC /* Sources */ = {
			isa = PBXSourcesBuildPhase;
			buildActionMask = 2147483647;
			files = (
				DCA6C3F31BC0AF2400A0F4AC /* Qiu_SuoUITests.swift in Sources */,
			);
			runOnlyForDeploymentPostprocessing = 0;
		};
/* End PBXSourcesBuildPhase section */

/* Begin PBXTargetDependency section */
		DCA6C3E51BC0AF2400A0F4AC /* PBXTargetDependency */ = {
			isa = PBXTargetDependency;
			target = DCA6C3CE1BC0AF2400A0F4AC /* Qiu Suo */;
			targetProxy = DCA6C3E41BC0AF2400A0F4AC /* PBXContainerItemProxy */;
		};
		DCA6C3F01BC0AF2400A0F4AC /* PBXTargetDependency */ = {
			isa = PBXTargetDependency;
			target = DCA6C3CE1BC0AF2400A0F4AC /* Qiu Suo */;
			targetProxy = DCA6C3EF1BC0AF2400A0F4AC /* PBXContainerItemProxy */;
		};
/* End PBXTargetDependency section */

/* Begin PBXVariantGroup section */
		DCA6C3DB1BC0AF2400A0F4AC /* LaunchScreen.storyboard */ = {
			isa = PBXVariantGroup;
			children = (
				DCA6C3DC1BC0AF2400A0F4AC /* Base */,
			);
			name = LaunchScreen.storyboard;
			sourceTree = "<group>";
		};
/* End PBXVariantGroup section */

/* Begin XCBuildConfiguration section */
		DCA6C3F51BC0AF2400A0F4AC /* Debug */ = {
			isa = XCBuildConfiguration;
			buildSettings = {
				ALWAYS_SEARCH_USER_PATHS = NO;
				CLANG_CXX_LANGUAGE_STANDARD = "gnu++0x";
				CLANG_CXX_LIBRARY = "libc++";
				CLANG_ENABLE_MODULES = YES;
				CLANG_ENABLE_OBJC_ARC = YES;
				CLANG_WARN_BOOL_CONVERSION = YES;
				CLANG_WARN_CONSTANT_CONVERSION = YES;
				CLANG_WARN_DIRECT_OBJC_ISA_USAGE = YES_ERROR;
				CLANG_WARN_EMPTY_BODY = YES;
				CLANG_WARN_ENUM_CONVERSION = YES;
				CLANG_WARN_INT_CONVERSION = YES;
				CLANG_WARN_OBJC_ROOT_CLASS = YES_ERROR;
				CLANG_WARN_UNREACHABLE_CODE = YES;
				CLANG_WARN__DUPLICATE_METHOD_MATCH = YES;
				"CODE_SIGN_IDENTITY[sdk=iphoneos*]" = "iPhone Developer";
				COPY_PHASE_STRIP = NO;
				DEBUG_INFORMATION_FORMAT = dwarf;
				ENABLE_STRICT_OBJC_MSGSEND = YES;
				ENABLE_TESTABILITY = YES;
				GCC_C_LANGUAGE_STANDARD = gnu99;
				GCC_DYNAMIC_NO_PIC = NO;
				GCC_NO_COMMON_BLOCKS = YES;
				GCC_OPTIMIZATION_LEVEL = 0;
				GCC_PREPROCESSOR_DEFINITIONS = (
					"DEBUG=1",
					"$(inherited)",
				);
				GCC_WARN_64_TO_32_BIT_CONVERSION = YES;
				GCC_WARN_ABOUT_RETURN_TYPE = YES_ERROR;
				GCC_WARN_UNDECLARED_SELECTOR = YES;
				GCC_WARN_UNINITIALIZED_AUTOS = YES_AGGRESSIVE;
				GCC_WARN_UNUSED_FUNCTION = YES;
				GCC_WARN_UNUSED_VARIABLE = YES;
				HEADER_SEARCH_PATHS = "${SDKROOT}/usr/include/libxml2/**";
				IPHONEOS_DEPLOYMENT_TARGET = 9.0;
				MTL_ENABLE_DEBUG_INFO = YES;
				ONLY_ACTIVE_ARCH = YES;
				SDKROOT = iphoneos;
				SWIFT_OBJC_BRIDGING_HEADER = "";
				SWIFT_OPTIMIZATION_LEVEL = "-Onone";
			};
			name = Debug;
		};
		DCA6C3F61BC0AF2400A0F4AC /* Release */ = {
			isa = XCBuildConfiguration;
			buildSettings = {
				ALWAYS_SEARCH_USER_PATHS = NO;
				CLANG_CXX_LANGUAGE_STANDARD = "gnu++0x";
				CLANG_CXX_LIBRARY = "libc++";
				CLANG_ENABLE_MODULES = YES;
				CLANG_ENABLE_OBJC_ARC = YES;
				CLANG_WARN_BOOL_CONVERSION = YES;
				CLANG_WARN_CONSTANT_CONVERSION = YES;
				CLANG_WARN_DIRECT_OBJC_ISA_USAGE = YES_ERROR;
				CLANG_WARN_EMPTY_BODY = YES;
				CLANG_WARN_ENUM_CONVERSION = YES;
				CLANG_WARN_INT_CONVERSION = YES;
				CLANG_WARN_OBJC_ROOT_CLASS = YES_ERROR;
				CLANG_WARN_UNREACHABLE_CODE = YES;
				CLANG_WARN__DUPLICATE_METHOD_MATCH = YES;
				"CODE_SIGN_IDENTITY[sdk=iphoneos*]" = "iPhone Developer";
				COPY_PHASE_STRIP = NO;
				DEBUG_INFORMATION_FORMAT = "dwarf-with-dsym";
				ENABLE_NS_ASSERTIONS = NO;
				ENABLE_STRICT_OBJC_MSGSEND = YES;
				GCC_C_LANGUAGE_STANDARD = gnu99;
				GCC_NO_COMMON_BLOCKS = YES;
				GCC_WARN_64_TO_32_BIT_CONVERSION = YES;
				GCC_WARN_ABOUT_RETURN_TYPE = YES_ERROR;
				GCC_WARN_UNDECLARED_SELECTOR = YES;
				GCC_WARN_UNINITIALIZED_AUTOS = YES_AGGRESSIVE;
				GCC_WARN_UNUSED_FUNCTION = YES;
				GCC_WARN_UNUSED_VARIABLE = YES;
				HEADER_SEARCH_PATHS = "${SDKROOT}/usr/include/libxml2/**";
				IPHONEOS_DEPLOYMENT_TARGET = 9.0;
				MTL_ENABLE_DEBUG_INFO = NO;
				SDKROOT = iphoneos;
				SWIFT_OBJC_BRIDGING_HEADER = "";
				VALIDATE_PRODUCT = YES;
			};
			name = Release;
		};
		DCA6C3F81BC0AF2400A0F4AC /* Debug */ = {
			isa = XCBuildConfiguration;
			baseConfigurationReference = 071D3BCDB92C17AA5C10BC0B /* Pods-Qiu Suo.debug.xcconfig */;
			buildSettings = {
				ALWAYS_SEARCH_USER_PATHS = NO;
				ASSETCATALOG_COMPILER_APPICON_NAME = AppIcon;
				CLANG_ENABLE_MODULES = YES;
				HEADER_SEARCH_PATHS = "${SDKROOT}/usr/include/libxml2/**";
				INFOPLIST_FILE = "Qiu Suo/Info.plist";
				LD_RUNPATH_SEARCH_PATHS = "$(inherited) @executable_path/Frameworks";
				PRODUCT_BUNDLE_IDENTIFIER = "io.github.ted005.Qiu-Suo";
				PRODUCT_NAME = "$(TARGET_NAME)";
				SWIFT_OBJC_BRIDGING_HEADER = "Qiu Suo-Bridging-Header.h";
				SWIFT_OPTIMIZATION_LEVEL = "-Onone";
			};
			name = Debug;
		};
		DCA6C3F91BC0AF2400A0F4AC /* Release */ = {
			isa = XCBuildConfiguration;
			baseConfigurationReference = 222BE3FC97103F31309B6A69 /* Pods-Qiu Suo.release.xcconfig */;
			buildSettings = {
				ALWAYS_SEARCH_USER_PATHS = NO;
				ASSETCATALOG_COMPILER_APPICON_NAME = AppIcon;
				CLANG_ENABLE_MODULES = YES;
				HEADER_SEARCH_PATHS = "${SDKROOT}/usr/include/libxml2/**";
				INFOPLIST_FILE = "Qiu Suo/Info.plist";
				LD_RUNPATH_SEARCH_PATHS = "$(inherited) @executable_path/Frameworks";
				PRODUCT_BUNDLE_IDENTIFIER = "io.github.ted005.Qiu-Suo";
				PRODUCT_NAME = "$(TARGET_NAME)";
				SWIFT_OBJC_BRIDGING_HEADER = "Qiu Suo-Bridging-Header.h";
			};
			name = Release;
		};
		DCA6C3FB1BC0AF2400A0F4AC /* Debug */ = {
			isa = XCBuildConfiguration;
			buildSettings = {
				BUNDLE_LOADER = "$(TEST_HOST)";
				INFOPLIST_FILE = "Qiu SuoTests/Info.plist";
				LD_RUNPATH_SEARCH_PATHS = "$(inherited) @executable_path/Frameworks @loader_path/Frameworks";
				PRODUCT_BUNDLE_IDENTIFIER = "io.github.ted005.Qiu-SuoTests";
				PRODUCT_NAME = "$(TARGET_NAME)";
				TEST_HOST = "$(BUILT_PRODUCTS_DIR)/Qiu Suo.app/Qiu Suo";
			};
			name = Debug;
		};
		DCA6C3FC1BC0AF2400A0F4AC /* Release */ = {
			isa = XCBuildConfiguration;
			buildSettings = {
				BUNDLE_LOADER = "$(TEST_HOST)";
				INFOPLIST_FILE = "Qiu SuoTests/Info.plist";
				LD_RUNPATH_SEARCH_PATHS = "$(inherited) @executable_path/Frameworks @loader_path/Frameworks";
				PRODUCT_BUNDLE_IDENTIFIER = "io.github.ted005.Qiu-SuoTests";
				PRODUCT_NAME = "$(TARGET_NAME)";
				TEST_HOST = "$(BUILT_PRODUCTS_DIR)/Qiu Suo.app/Qiu Suo";
			};
			name = Release;
		};
		DCA6C3FE1BC0AF2400A0F4AC /* Debug */ = {
			isa = XCBuildConfiguration;
			buildSettings = {
				INFOPLIST_FILE = "Qiu SuoUITests/Info.plist";
				LD_RUNPATH_SEARCH_PATHS = "$(inherited) @executable_path/Frameworks @loader_path/Frameworks";
				PRODUCT_BUNDLE_IDENTIFIER = "io.github.ted005.Qiu-SuoUITests";
				PRODUCT_NAME = "$(TARGET_NAME)";
				TEST_TARGET_NAME = "Qiu Suo";
				USES_XCTRUNNER = YES;
			};
			name = Debug;
		};
		DCA6C3FF1BC0AF2400A0F4AC /* Release */ = {
			isa = XCBuildConfiguration;
			buildSettings = {
				INFOPLIST_FILE = "Qiu SuoUITests/Info.plist";
				LD_RUNPATH_SEARCH_PATHS = "$(inherited) @executable_path/Frameworks @loader_path/Frameworks";
				PRODUCT_BUNDLE_IDENTIFIER = "io.github.ted005.Qiu-SuoUITests";
				PRODUCT_NAME = "$(TARGET_NAME)";
				TEST_TARGET_NAME = "Qiu Suo";
				USES_XCTRUNNER = YES;
			};
			name = Release;
		};
/* End XCBuildConfiguration section */

/* Begin XCConfigurationList section */
		DCA6C3CA1BC0AF2400A0F4AC /* Build configuration list for PBXProject "Qiu Suo" */ = {
			isa = XCConfigurationList;
			buildConfigurations = (
				DCA6C3F51BC0AF2400A0F4AC /* Debug */,
				DCA6C3F61BC0AF2400A0F4AC /* Release */,
			);
			defaultConfigurationIsVisible = 0;
			defaultConfigurationName = Release;
		};
		DCA6C3F71BC0AF2400A0F4AC /* Build configuration list for PBXNativeTarget "Qiu Suo" */ = {
			isa = XCConfigurationList;
			buildConfigurations = (
				DCA6C3F81BC0AF2400A0F4AC /* Debug */,
				DCA6C3F91BC0AF2400A0F4AC /* Release */,
			);
			defaultConfigurationIsVisible = 0;
			defaultConfigurationName = Release;
		};
		DCA6C3FA1BC0AF2400A0F4AC /* Build configuration list for PBXNativeTarget "Qiu SuoTests" */ = {
			isa = XCConfigurationList;
			buildConfigurations = (
				DCA6C3FB1BC0AF2400A0F4AC /* Debug */,
				DCA6C3FC1BC0AF2400A0F4AC /* Release */,
			);
			defaultConfigurationIsVisible = 0;
			defaultConfigurationName = Release;
		};
		DCA6C3FD1BC0AF2400A0F4AC /* Build configuration list for PBXNativeTarget "Qiu SuoUITests" */ = {
			isa = XCConfigurationList;
			buildConfigurations = (
				DCA6C3FE1BC0AF2400A0F4AC /* Debug */,
				DCA6C3FF1BC0AF2400A0F4AC /* Release */,
			);
			defaultConfigurationIsVisible = 0;
			defaultConfigurationName = Release;
		};
/* End XCConfigurationList section */
	};
	rootObject = DCA6C3C71BC0AF2400A0F4AC /* Project object */;
}
